
Microsoft Visual Studio Solution File, Format Version 12.00
# Visual Studio Version 16
VisualStudioVersion = 16.0.30621.155
MinimumVisualStudioVersion = 10.0.40219.1
Project("{FAE04EC0-301F-11D3-BF4B-00C04F79EFBC}") = "jwt", "jwt.csproj", "{91798B1C-E97A-40FD-BDBF-01596F3CF25C}"
EndProject
Global
	GlobalSection(SolutionConfigurationPlatforms) = preSolution
		Debug|Any CPU = Debug|Any CPU
		Release|Any CPU = Release|Any CPU
	EndGlobalSection
	GlobalSection(ProjectConfigurationPlatforms) = postSolution
		{91798B1C-E97A-40FD-BDBF-01596F3CF25C}.Debug|Any CPU.ActiveCfg = Debug|Any CPU
		{91798B1C-E97A-40FD-BDBF-01596F3CF25C}.Debug|Any CPU.Build.0 = Debug|Any CPU
		{91798B1C-E97A-40FD-BDBF-01596F3CF25C}.Release|Any CPU.ActiveCfg = Release|Any CPU
		{91798B1C-E97A-40FD-BDBF-01596F3CF25C}.Release|Any CPU.Build.0 = Release|Any CPU
	EndGlobalSection
	GlobalSection(SolutionProperties) = preSolution
		HideSolutionNode = FALSE
	EndGlobalSection
	GlobalSection(ExtensibilityGlobals) = postSolution
		SolutionGuid = {0115D4AA-568A-454B-B7DD-F95652EB095A}
	EndGlobalSection
EndGlobal
